// !$*UTF8*$!
{
	archiveVersion = 1;
	classes = {
	};
	objectVersion = 50;
	objects = {

/* Begin PBXBuildFile section */
		8456B1CD2624B82800E08FA5 /* AppDelegate.swift in Sources */ = {isa = PBXBuildFile; fileRef = 8456B1CC2624B82800E08FA5 /* AppDelegate.swift */; };
		8456B1CF2624B82800E08FA5 /* SceneDelegate.swift in Sources */ = {isa = PBXBuildFile; fileRef = 8456B1CE2624B82800E08FA5 /* SceneDelegate.swift */; };
		8456B1D12624B82800E08FA5 /* LoginScreenController.swift in Sources */ = {isa = PBXBuildFile; fileRef = 8456B1D02624B82800E08FA5 /* LoginScreenController.swift */; };
		8456B1D42624B82800E08FA5 /* Main.storyboard in Resources */ = {isa = PBXBuildFile; fileRef = 8456B1D22624B82800E08FA5 /* Main.storyboard */; };
		8456B1D62624B82900E08FA5 /* Assets.xcassets in Resources */ = {isa = PBXBuildFile; fileRef = 8456B1D52624B82900E08FA5 /* Assets.xcassets */; };
		8456B1D92624B82900E08FA5 /* LaunchScreen.storyboard in Resources */ = {isa = PBXBuildFile; fileRef = 8456B1D72624B82900E08FA5 /* LaunchScreen.storyboard */; };
		8456B1E72624C56C00E08FA5 /* NameRecoveryController.swift in Sources */ = {isa = PBXBuildFile; fileRef = 8456B1E62624C56C00E08FA5 /* NameRecoveryController.swift */; };
		8456B1F12624C90700E08FA5 /* PasswordRecoveryController.swift in Sources */ = {isa = PBXBuildFile; fileRef = 8456B1F02624C90700E08FA5 /* PasswordRecoveryController.swift */; };
		8456B1F42624C92500E08FA5 /* MainScreenController.swift in Sources */ = {isa = PBXBuildFile; fileRef = 8456B1F32624C92500E08FA5 /* MainScreenController.swift */; };
		8456B1F7262556B200E08FA5 /* InstructionScreenController.swift in Sources */ = {isa = PBXBuildFile; fileRef = 8456B1F6262556B200E08FA5 /* InstructionScreenController.swift */; };
		8456B1FB26255F1900E08FA5 /* UserData.swift in Sources */ = {isa = PBXBuildFile; fileRef = 8456B1FA26255F1900E08FA5 /* UserData.swift */; };
/* End PBXBuildFile section */

/* Begin PBXFileReference section */
		8456B1C92624B82800E08FA5 /* LessonFiveHW.app */ = {isa = PBXFileReference; explicitFileType = wrapper.application; includeInIndex = 0; path = LessonFiveHW.app; sourceTree = BUILT_PRODUCTS_DIR; };
		8456B1CC2624B82800E08FA5 /* AppDelegate.swift */ = {isa = PBXFileReference; lastKnownFileType = sourcecode.swift; path = AppDelegate.swift; sourceTree = "<group>"; };
		8456B1CE2624B82800E08FA5 /* SceneDelegate.swift */ = {isa = PBXFileReference; lastKnownFileType = sourcecode.swift; path = SceneDelegate.swift; sourceTree = "<group>"; };
		8456B1D02624B82800E08FA5 /* LoginScreenController.swift */ = {isa = PBXFileReference; lastKnownFileType = sourcecode.swift; path = LoginScreenController.swift; sourceTree = "<group>"; };
		8456B1D32624B82800E08FA5 /* Base */ = {isa = PBXFileReference; lastKnownFileType = file.storyboard; name = Base; path = Base.lproj/Main.storyboard; sourceTree = "<group>"; };
		8456B1D52624B82900E08FA5 /* Assets.xcassets */ = {isa = PBXFileReference; lastKnownFileType = folder.assetcatalog; path = Assets.xcassets; sourceTree = "<group>"; };
		8456B1D82624B82900E08FA5 /* Base */ = {isa = PBXFileReference; lastKnownFileType = file.storyboard; name = Base; path = Base.lproj/LaunchScreen.storyboard; sourceTree = "<group>"; };
		8456B1DA2624B82900E08FA5 /* Info.plist */ = {isa = PBXFileReference; lastKnownFileType = text.plist.xml; path = Info.plist; sourceTree = "<group>"; };
		8456B1E62624C56C00E08FA5 /* NameRecoveryController.swift */ = {isa = PBXFileReference; lastKnownFileType = sourcecode.swift; path = NameRecoveryController.swift; sourceTree = "<group>"; };
		8456B1F02624C90700E08FA5 /* PasswordRecoveryController.swift */ = {isa = PBXFileReference; lastKnownFileType = sourcecode.swift; path = PasswordRecoveryController.swift; sourceTree = "<group>"; };
		8456B1F32624C92500E08FA5 /* MainScreenController.swift */ = {isa = PBXFileReference; lastKnownFileType = sourcecode.swift; path = MainScreenController.swift; sourceTree = "<group>"; };
		8456B1F6262556B200E08FA5 /* InstructionScreenController.swift */ = {isa = PBXFileReference; lastKnownFileType = sourcecode.swift; path = InstructionScreenController.swift; sourceTree = "<group>"; };
		8456B1FA26255F1900E08FA5 /* UserData.swift */ = {isa = PBXFileReference; lastKnownFileType = sourcecode.swift; path = UserData.swift; sourceTree = "<group>"; };
/* End PBXFileReference section */

/* Begin PBXFrameworksBuildPhase section */
		8456B1C62624B82800E08FA5 /* Frameworks */ = {
			isa = PBXFrameworksBuildPhase;
			buildActionMask = 2147483647;
			files = (
			);
			runOnlyForDeploymentPostprocessing = 0;
		};
/* End PBXFrameworksBuildPhase section */

/* Begin PBXGroup section */
		8456B1C02624B82800E08FA5 = {
			isa = PBXGroup;
			children = (
				8456B1CB2624B82800E08FA5 /* LessonFiveHW */,
				8456B1CA2624B82800E08FA5 /* Products */,
			);
			sourceTree = "<group>";
		};
		8456B1CA2624B82800E08FA5 /* Products */ = {
			isa = PBXGroup;
			children = (
				8456B1C92624B82800E08FA5 /* LessonFiveHW.app */,
			);
			name = Products;
			sourceTree = "<group>";
		};
		8456B1CB2624B82800E08FA5 /* LessonFiveHW */ = {
			isa = PBXGroup;
			children = (
				8456B1F926255EE000E08FA5 /* Classes */,
				8456B1EE2624C76C00E08FA5 /* Delegates */,
				8456B1ED2624C72700E08FA5 /* Storyboards */,
				8456B1EC2624C6DE00E08FA5 /* ViewControllers */,
				8456B1E22624B95400E08FA5 /* Assets */,
				8456B1DA2624B82900E08FA5 /* Info.plist */,
			);
			path = LessonFiveHW;
			sourceTree = "<group>";
		};
		8456B1E12624B89E00E08FA5 /* LaunchScreenStoryboard */ = {
			isa = PBXGroup;
			children = (
				8456B1D72624B82900E08FA5 /* LaunchScreen.storyboard */,
			);
			path = LaunchScreenStoryboard;
			sourceTree = "<group>";
		};
		8456B1E22624B95400E08FA5 /* Assets */ = {
			isa = PBXGroup;
			children = (
				8456B1D52624B82900E08FA5 /* Assets.xcassets */,
			);
			path = Assets;
			sourceTree = "<group>";
		};
		8456B1E42624B98400E08FA5 /* AppStoryboard */ = {
			isa = PBXGroup;
			children = (
				8456B1D22624B82800E08FA5 /* Main.storyboard */,
			);
			path = AppStoryboard;
			sourceTree = "<group>";
		};
		8456B1EA2624C69600E08FA5 /* AppDelegate */ = {
			isa = PBXGroup;
			children = (
				8456B1CC2624B82800E08FA5 /* AppDelegate.swift */,
			);
			path = AppDelegate;
			sourceTree = "<group>";
		};
		8456B1EB2624C6AE00E08FA5 /* SceneDelegate */ = {
			isa = PBXGroup;
			children = (
				8456B1CE2624B82800E08FA5 /* SceneDelegate.swift */,
			);
			path = SceneDelegate;
			sourceTree = "<group>";
		};
		8456B1EC2624C6DE00E08FA5 /* ViewControllers */ = {
			isa = PBXGroup;
			children = (
				8456B1E62624C56C00E08FA5 /* NameRecoveryController.swift */,
				8456B1D02624B82800E08FA5 /* LoginScreenController.swift */,
				8456B1F02624C90700E08FA5 /* PasswordRecoveryController.swift */,
				8456B1F32624C92500E08FA5 /* MainScreenController.swift */,
				8456B1F6262556B200E08FA5 /* InstructionScreenController.swift */,
			);
			path = ViewControllers;
			sourceTree = "<group>";
		};
		8456B1ED2624C72700E08FA5 /* Storyboards */ = {
			isa = PBXGroup;
			children = (
				8456B1E12624B89E00E08FA5 /* LaunchScreenStoryboard */,
				8456B1E42624B98400E08FA5 /* AppStoryboard */,
			);
			path = Storyboards;
			sourceTree = "<group>";
		};
		8456B1EE2624C76C00E08FA5 /* Delegates */ = {
			isa = PBXGroup;
			children = (
				8456B1EA2624C69600E08FA5 /* AppDelegate */,
				8456B1EB2624C6AE00E08FA5 /* SceneDelegate */,
			);
			path = Delegates;
			sourceTree = "<group>";
		};
		8456B1F926255EE000E08FA5 /* Classes */ = {
			isa = PBXGroup;
			children = (
				8456B1FA26255F1900E08FA5 /* UserData.swift */,
			);
			path = Classes;
			sourceTree = "<group>";
		};
/* End PBXGroup section */

/* Begin PBXNativeTarget section */
		8456B1C82624B82800E08FA5 /* LessonFiveHW */ = {
			isa = PBXNativeTarget;
			buildConfigurationList = 8456B1DD2624B82900E08FA5 /* Build configuration list for PBXNativeTarget "LessonFiveHW" */;
			buildPhases = (
				8456B1C52624B82800E08FA5 /* Sources */,
				8456B1C62624B82800E08FA5 /* Frameworks */,
				8456B1C72624B82800E08FA5 /* Resources */,
			);
			buildRules = (
			);
			dependencies = (
			);
			name = LessonFiveHW;
			productName = LessonFiveHW;
			productReference = 8456B1C92624B82800E08FA5 /* LessonFiveHW.app */;
			productType = "com.apple.product-type.application";
		};
/* End PBXNativeTarget section */

/* Begin PBXProject section */
		8456B1C12624B82800E08FA5 /* Project object */ = {
			isa = PBXProject;
			attributes = {
				LastSwiftUpdateCheck = 1240;
				LastUpgradeCheck = 1240;
				TargetAttributes = {
					8456B1C82624B82800E08FA5 = {
						CreatedOnToolsVersion = 12.4;
					};
				};
			};
			buildConfigurationList = 8456B1C42624B82800E08FA5 /* Build configuration list for PBXProject "LessonFiveHW" */;
			compatibilityVersion = "Xcode 9.3";
			developmentRegion = en;
			hasScannedForEncodings = 0;
			knownRegions = (
				en,
				Base,
			);
			mainGroup = 8456B1C02624B82800E08FA5;
			productRefGroup = 8456B1CA2624B82800E08FA5 /* Products */;
			projectDirPath = "";
			projectRoot = "";
			targets = (
				8456B1C82624B82800E08FA5 /* LessonFiveHW */,
			);
		};
/* End PBXProject section */

/* Begin PBXResourcesBuildPhase section */
		8456B1C72624B82800E08FA5 /* Resources */ = {
			isa = PBXResourcesBuildPhase;
			buildActionMask = 2147483647;
			files = (
				8456B1D92624B82900E08FA5 /* LaunchScreen.storyboard in Resources */,
				8456B1D62624B82900E08FA5 /* Assets.xcassets in Resources */,
				8456B1D42624B82800E08FA5 /* Main.storyboard in Resources */,
			);
			runOnlyForDeploymentPostprocessing = 0;
		};
/* End PBXResourcesBuildPhase section */

/* Begin PBXSourcesBuildPhase section */
		8456B1C52624B82800E08FA5 /* Sources */ = {
			isa = PBXSourcesBuildPhase;
			buildActionMask = 2147483647;
			files = (
				8456B1D12624B82800E08FA5 /* LoginScreenController.swift in Sources */,
				8456B1F7262556B200E08FA5 /* InstructionScreenController.swift in Sources */,
				8456B1FB26255F1900E08FA5 /* UserData.swift in Sources */,
				8456B1CD2624B82800E08FA5 /* AppDelegate.swift in Sources */,
				8456B1F42624C92500E08FA5 /* MainScreenController.swift in Sources */,
				8456B1F12624C90700E08FA5 /* PasswordRecoveryController.swift in Sources */,
				8456B1CF2624B82800E08FA5 /* SceneDelegate.swift in Sources */,
				8456B1E72624C56C00E08FA5 /* NameRecoveryController.swift in Sources */,
			);
			runOnlyForDeploymentPostprocessing = 0;
		};
/* End PBXSourcesBuildPhase section */

/* Begin PBXVariantGroup section */
		8456B1D22624B82800E08FA5 /* Main.storyboard */ = {
			isa = PBXVariantGroup;
			children = (
				8456B1D32624B82800E08FA5 /* Base */,
			);
			name = Main.storyboard;
			sourceTree = "<group>";
		};
		8456B1D72624B82900E08FA5 /* LaunchScreen.storyboard */ = {
			isa = PBXVariantGroup;
			children = (
				8456B1D82624B82900E08FA5 /* Base */,
			);
			name = LaunchScreen.storyboard;
			sourceTree = "<group>";
		};
/* End PBXVariantGroup section */

/* Begin XCBuildConfiguration section */
		8456B1DB2624B82900E08FA5 /* Debug */ = {
			isa = XCBuildConfiguration;
			buildSettings = {
				ALWAYS_SEARCH_USER_PATHS = NO;
				CLANG_ANALYZER_NONNULL = YES;
				CLANG_ANALYZER_NUMBER_OBJECT_CONVERSION = YES_AGGRESSIVE;
				CLANG_CXX_LANGUAGE_STANDARD = "gnu++14";
				CLANG_CXX_LIBRARY = "libc++";
				CLANG_ENABLE_MODULES = YES;
				CLANG_ENABLE_OBJC_ARC = YES;
				CLANG_ENABLE_OBJC_WEAK = YES;
				CLANG_WARN_BLOCK_CAPTURE_AUTORELEASING = YES;
				CLANG_WARN_BOOL_CONVERSION = YES;
				CLANG_WARN_COMMA = YES;
				CLANG_WARN_CONSTANT_CONVERSION = YES;
				CLANG_WARN_DEPRECATED_OBJC_IMPLEMENTATIONS = YES;
				CLANG_WARN_DIRECT_OBJC_ISA_USAGE = YES_ERROR;
				CLANG_WARN_DOCUMENTATION_COMMENTS = YES;
				CLANG_WARN_EMPTY_BODY = YES;
				CLANG_WARN_ENUM_CONVERSION = YES;
				CLANG_WARN_INFINITE_RECURSION = YES;
				CLANG_WARN_INT_CONVERSION = YES;
				CLANG_WARN_NON_LITERAL_NULL_CONVERSION = YES;
				CLANG_WARN_OBJC_IMPLICIT_RETAIN_SELF = YES;
				CLANG_WARN_OBJC_LITERAL_CONVERSION = YES;
				CLANG_WARN_OBJC_ROOT_CLASS = YES_ERROR;
				CLANG_WARN_QUOTED_INCLUDE_IN_FRAMEWORK_HEADER = YES;
				CLANG_WARN_RANGE_LOOP_ANALYSIS = YES;
				CLANG_WARN_STRICT_PROTOTYPES = YES;
				CLANG_WARN_SUSPICIOUS_MOVE = YES;
				CLANG_WARN_UNGUARDED_AVAILABILITY = YES_AGGRESSIVE;
				CLANG_WARN_UNREACHABLE_CODE = YES;
				CLANG_WARN__DUPLICATE_METHOD_MATCH = YES;
				COPY_PHASE_STRIP = NO;
				DEBUG_INFORMATION_FORMAT = dwarf;
				ENABLE_STRICT_OBJC_MSGSEND = YES;
				ENABLE_TESTABILITY = YES;
				GCC_C_LANGUAGE_STANDARD = gnu11;
				GCC_DYNAMIC_NO_PIC = NO;
				GCC_NO_COMMON_BLOCKS = YES;
				GCC_OPTIMIZATION_LEVEL = 0;
				GCC_PREPROCESSOR_DEFINITIONS = (
					"DEBUG=1",
					"$(inherited)",
				);
				GCC_WARN_64_TO_32_BIT_CONVERSION = YES;
				GCC_WARN_ABOUT_RETURN_TYPE = YES_ERROR;
				GCC_WARN_UNDECLARED_SELECTOR = YES;
				GCC_WARN_UNINITIALIZED_AUTOS = YES_AGGRESSIVE;
				GCC_WARN_UNUSED_FUNCTION = YES;
				GCC_WARN_UNUSED_VARIABLE = YES;
				IPHONEOS_DEPLOYMENT_TARGET = 14.4;
				MTL_ENABLE_DEBUG_INFO = INCLUDE_SOURCE;
				MTL_FAST_MATH = YES;
				ONLY_ACTIVE_ARCH = YES;
				SDKROOT = iphoneos;
				SWIFT_ACTIVE_COMPILATION_CONDITIONS = DEBUG;
				SWIFT_OPTIMIZATION_LEVEL = "-Onone";
			};
			name = Debug;
		};
		8456B1DC2624B82900E08FA5 /* Release */ = {
			isa = XCBuildConfiguration;
			buildSettings = {
				ALWAYS_SEARCH_USER_PATHS = NO;
				CLANG_ANALYZER_NONNULL = YES;
				CLANG_ANALYZER_NUMBER_OBJECT_CONVERSION = YES_AGGRESSIVE;
				CLANG_CXX_LANGUAGE_STANDARD = "gnu++14";
				CLANG_CXX_LIBRARY = "libc++";
				CLANG_ENABLE_MODULES = YES;
				CLANG_ENABLE_OBJC_ARC = YES;
				CLANG_ENABLE_OBJC_WEAK = YES;
				CLANG_WARN_BLOCK_CAPTURE_AUTORELEASING = YES;
				CLANG_WARN_BOOL_CONVERSION = YES;
				CLANG_WARN_COMMA = YES;
				CLANG_WARN_CONSTANT_CONVERSION = YES;
				CLANG_WARN_DEPRECATED_OBJC_IMPLEMENTATIONS = YES;
				CLANG_WARN_DIRECT_OBJC_ISA_USAGE = YES_ERROR;
				CLANG_WARN_DOCUMENTATION_COMMENTS = YES;
				CLANG_WARN_EMPTY_BODY = YES;
				CLANG_WARN_ENUM_CONVERSION = YES;
				CLANG_WARN_INFINITE_RECURSION = YES;
				CLANG_WARN_INT_CONVERSION = YES;
				CLANG_WARN_NON_LITERAL_NULL_CONVERSION = YES;
				CLANG_WARN_OBJC_IMPLICIT_RETAIN_SELF = YES;
				CLANG_WARN_OBJC_LITERAL_CONVERSION = YES;
				CLANG_WARN_OBJC_ROOT_CLASS = YES_ERROR;
				CLANG_WARN_QUOTED_INCLUDE_IN_FRAMEWORK_HEADER = YES;
				CLANG_WARN_RANGE_LOOP_ANALYSIS = YES;
				CLANG_WARN_STRICT_PROTOTYPES = YES;
				CLANG_WARN_SUSPICIOUS_MOVE = YES;
				CLANG_WARN_UNGUARDED_AVAILABILITY = YES_AGGRESSIVE;
				CLANG_WARN_UNREACHABLE_CODE = YES;
				CLANG_WARN__DUPLICATE_METHOD_MATCH = YES;
				COPY_PHASE_STRIP = NO;
				DEBUG_INFORMATION_FORMAT = "dwarf-with-dsym";
				ENABLE_NS_ASSERTIONS = NO;
				ENABLE_STRICT_OBJC_MSGSEND = YES;
				GCC_C_LANGUAGE_STANDARD = gnu11;
				GCC_NO_COMMON_BLOCKS = YES;
				GCC_WARN_64_TO_32_BIT_CONVERSION = YES;
				GCC_WARN_ABOUT_RETURN_TYPE = YES_ERROR;
				GCC_WARN_UNDECLARED_SELECTOR = YES;
				GCC_WARN_UNINITIALIZED_AUTOS = YES_AGGRESSIVE;
				GCC_WARN_UNUSED_FUNCTION = YES;
				GCC_WARN_UNUSED_VARIABLE = YES;
				IPHONEOS_DEPLOYMENT_TARGET = 14.4;
				MTL_ENABLE_DEBUG_INFO = NO;
				MTL_FAST_MATH = YES;
				SDKROOT = iphoneos;
				SWIFT_COMPILATION_MODE = wholemodule;
				SWIFT_OPTIMIZATION_LEVEL = "-O";
				VALIDATE_PRODUCT = YES;
			};
			name = Release;
		};
		8456B1DE2624B82900E08FA5 /* Debug */ = {
			isa = XCBuildConfiguration;
			buildSettings = {
				ASSETCATALOG_COMPILER_APPICON_NAME = AppIcon;
				ASSETCATALOG_COMPILER_GLOBAL_ACCENT_COLOR_NAME = AccentColor;
				CODE_SIGN_STYLE = Automatic;
				DEVELOPMENT_TEAM = 832H9LUWZZ;
				INFOPLIST_FILE = LessonFiveHW/Info.plist;
				LD_RUNPATH_SEARCH_PATHS = (
					"$(inherited)",
					"@executable_path/Frameworks",
				);
				PRODUCT_BUNDLE_IDENTIFIER = ihomeCourses.LessonFiveHW;
				PRODUCT_NAME = "$(TARGET_NAME)";
				SWIFT_VERSION = 5.0;
				TARGETED_DEVICE_FAMILY = "1,2";
			};
			name = Debug;
		};
		8456B1DF2624B82900E08FA5 /* Release */ = {
			isa = XCBuildConfiguration;
			buildSettings = {
				ASSETCATALOG_COMPILER_APPICON_NAME = AppIcon;
				ASSETCATALOG_COMPILER_GLOBAL_ACCENT_COLOR_NAME = AccentColor;
				CODE_SIGN_STYLE = Automatic;
				DEVELOPMENT_TEAM = 832H9LUWZZ;
				INFOPLIST_FILE = LessonFiveHW/Info.plist;
				LD_RUNPATH_SEARCH_PATHS = (
					"$(inherited)",
					"@executable_path/Frameworks",
				);
				PRODUCT_BUNDLE_IDENTIFIER = ihomeCourses.LessonFiveHW;
				PRODUCT_NAME = "$(TARGET_NAME)";
				SWIFT_VERSION = 5.0;
				TARGETED_DEVICE_FAMILY = "1,2";
			};
			name = Release;
		};
/* End XCBuildConfiguration section */

/* Begin XCConfigurationList section */
		8456B1C42624B82800E08FA5 /* Build configuration list for PBXProject "LessonFiveHW" */ = {
			isa = XCConfigurationList;
			buildConfigurations = (
				8456B1DB2624B82900E08FA5 /* Debug */,
				8456B1DC2624B82900E08FA5 /* Release */,
			);
			defaultConfigurationIsVisible = 0;
			defaultConfigurationName = Release;
		};
		8456B1DD2624B82900E08FA5 /* Build configuration list for PBXNativeTarget "LessonFiveHW" */ = {
			isa = XCConfigurationList;
			buildConfigurations = (
				8456B1DE2624B82900E08FA5 /* Debug */,
				8456B1DF2624B82900E08FA5 /* Release */,
			);
			defaultConfigurationIsVisible = 0;
			defaultConfigurationName = Release;
		};
/* End XCConfigurationList section */
	};
	rootObject = 8456B1C12624B82800E08FA5 /* Project object */;
}
